// !$*UTF8*$!
{
	archiveVersion = 1;
	classes = {
	};
	objectVersion = 46;
	objects = {

/* Begin PBXBuildFile section */
		FA3346841983F20300582867 /* libzbar.a in Frameworks */ = {isa = PBXBuildFile; fileRef = FA33467E1983F20300582867 /* libzbar.a */; };
		FA3346851983F20300582867 /* zbar-back.png in Resources */ = {isa = PBXBuildFile; fileRef = FA3346801983F20300582867 /* zbar-back.png */; };
		FA3346861983F20300582867 /* zbar-help.html in Resources */ = {isa = PBXBuildFile; fileRef = FA3346811983F20300582867 /* zbar-help.html */; };
		FA3346871983F20300582867 /* zbar-helpicons.png in Resources */ = {isa = PBXBuildFile; fileRef = FA3346821983F20300582867 /* zbar-helpicons.png */; };
		FA3346881983F20300582867 /* zbar-samples.png in Resources */ = {isa = PBXBuildFile; fileRef = FA3346831983F20300582867 /* zbar-samples.png */; };
		FA33468C1983F7E800582867 /* AsyncUdpSocket.m in Sources */ = {isa = PBXBuildFile; fileRef = FA33468B1983F7E800582867 /* AsyncUdpSocket.m */; settings = {COMPILER_FLAGS = "-fno-objc-arc"; }; };
		FA46D60D197B9F4000F20DFE /* Foundation.framework in Frameworks */ = {isa = PBXBuildFile; fileRef = FA46D60C197B9F4000F20DFE /* Foundation.framework */; };
		FA46D60F197B9F4000F20DFE /* CoreGraphics.framework in Frameworks */ = {isa = PBXBuildFile; fileRef = FA46D60E197B9F4000F20DFE /* CoreGraphics.framework */; };
		FA46D611197B9F4000F20DFE /* UIKit.framework in Frameworks */ = {isa = PBXBuildFile; fileRef = FA46D610197B9F4000F20DFE /* UIKit.framework */; };
		FA46D617197B9F4000F20DFE /* InfoPlist.strings in Resources */ = {isa = PBXBuildFile; fileRef = FA46D615197B9F4000F20DFE /* InfoPlist.strings */; };
		FA46D619197B9F4100F20DFE /* main.m in Sources */ = {isa = PBXBuildFile; fileRef = FA46D618197B9F4000F20DFE /* main.m */; };
		FA46D61D197B9F4100F20DFE /* AppDelegate.m in Sources */ = {isa = PBXBuildFile; fileRef = FA46D61C197B9F4100F20DFE /* AppDelegate.m */; };
		FA46D61F197B9F4100F20DFE /* Images.xcassets in Resources */ = {isa = PBXBuildFile; fileRef = FA46D61E197B9F4100F20DFE /* Images.xcassets */; };
		FA46D626197B9F4100F20DFE /* XCTest.framework in Frameworks */ = {isa = PBXBuildFile; fileRef = FA46D625197B9F4100F20DFE /* XCTest.framework */; };
		FA46D627197B9F4100F20DFE /* Foundation.framework in Frameworks */ = {isa = PBXBuildFile; fileRef = FA46D60C197B9F4000F20DFE /* Foundation.framework */; };
		FA46D628197B9F4100F20DFE /* UIKit.framework in Frameworks */ = {isa = PBXBuildFile; fileRef = FA46D610197B9F4000F20DFE /* UIKit.framework */; };
		FA46D630197B9F4100F20DFE /* InfoPlist.strings in Resources */ = {isa = PBXBuildFile; fileRef = FA46D62E197B9F4100F20DFE /* InfoPlist.strings */; };
		FA46D632197B9F4100F20DFE /* lessonDemoFifthTests.m in Sources */ = {isa = PBXBuildFile; fileRef = FA46D631197B9F4100F20DFE /* lessonDemoFifthTests.m */; };
		FA46D63E197B9F5F00F20DFE /* ListTableViewController.m in Sources */ = {isa = PBXBuildFile; fileRef = FA46D63C197B9F5F00F20DFE /* ListTableViewController.m */; };
		FA46D63F197B9F5F00F20DFE /* ListTableViewController.xib in Resources */ = {isa = PBXBuildFile; fileRef = FA46D63D197B9F5F00F20DFE /* ListTableViewController.xib */; };
		FA7CBB74198139C300FBEFEE /* LocationService.m in Sources */ = {isa = PBXBuildFile; fileRef = FA7CBB73198139C300FBEFEE /* LocationService.m */; };
		FA7CBB7619813A0B00FBEFEE /* CoreLocation.framework in Frameworks */ = {isa = PBXBuildFile; fileRef = FA7CBB7519813A0B00FBEFEE /* CoreLocation.framework */; };
		FA7CBB7A1981400900FBEFEE /* MapViewController.m in Sources */ = {isa = PBXBuildFile; fileRef = FA7CBB781981400900FBEFEE /* MapViewController.m */; };
		FA7CBB7B1981400900FBEFEE /* MapViewController.xib in Resources */ = {isa = PBXBuildFile; fileRef = FA7CBB791981400900FBEFEE /* MapViewController.xib */; };
		FA7CBB7D198140AA00FBEFEE /* MapKit.framework in Frameworks */ = {isa = PBXBuildFile; fileRef = FA7CBB7C198140AA00FBEFEE /* MapKit.framework */; };
		FA7CBB801981410000FBEFEE /* MKMapView+ZoomLevel.m in Sources */ = {isa = PBXBuildFile; fileRef = FA7CBB7F1981410000FBEFEE /* MKMapView+ZoomLevel.m */; };
		FA7CBB831981437A00FBEFEE /* FarmAnnotation.m in Sources */ = {isa = PBXBuildFile; fileRef = FA7CBB821981437A00FBEFEE /* FarmAnnotation.m */; };
		FA998D32197EA54D005B9267 /* AddressBook.framework in Frameworks */ = {isa = PBXBuildFile; fileRef = FA998D30197EA54D005B9267 /* AddressBook.framework */; };
		FA998D33197EA54D005B9267 /* AddressBookUI.framework in Frameworks */ = {isa = PBXBuildFile; fileRef = FA998D31197EA54D005B9267 /* AddressBookUI.framework */; };
		FA998D37197EA97A005B9267 /* ContactListTableViewController.m in Sources */ = {isa = PBXBuildFile; fileRef = FA998D35197EA97A005B9267 /* ContactListTableViewController.m */; };
		FA998D38197EA97A005B9267 /* ContactListTableViewController.xib in Resources */ = {isa = PBXBuildFile; fileRef = FA998D36197EA97A005B9267 /* ContactListTableViewController.xib */; };
		FAA277431983FAFF00824CC0 /* ChatViewController.m in Sources */ = {isa = PBXBuildFile; fileRef = FAA277411983FAFF00824CC0 /* ChatViewController.m */; };
		FAA277441983FAFF00824CC0 /* ChatViewController.xib in Resources */ = {isa = PBXBuildFile; fileRef = FAA277421983FAFF00824CC0 /* ChatViewController.xib */; };
		FAAAFC3C19837915000205F8 /* AVFoundation.framework in Frameworks */ = {isa = PBXBuildFile; fileRef = FAAAFC3B19837915000205F8 /* AVFoundation.framework */; };
		FAAAFC3E1983791E000205F8 /* CoreMedia.framework in Frameworks */ = {isa = PBXBuildFile; fileRef = FAAAFC3D1983791E000205F8 /* CoreMedia.framework */; };
		FAAAFC4019837927000205F8 /* CoreVideo.framework in Frameworks */ = {isa = PBXBuildFile; fileRef = FAAAFC3F19837927000205F8 /* CoreVideo.framework */; };
		FAAAFC421983793A000205F8 /* QuartzCore.framework in Frameworks */ = {isa = PBXBuildFile; fileRef = FAAAFC411983793A000205F8 /* QuartzCore.framework */; };
		FAAAFC4419837948000205F8 /* libiconv.dylib in Frameworks */ = {isa = PBXBuildFile; fileRef = FAAAFC4319837948000205F8 /* libiconv.dylib */; };
/* End PBXBuildFile section */

/* Begin PBXContainerItemProxy section */
		FA46D629197B9F4100F20DFE /* PBXContainerItemProxy */ = {
			isa = PBXContainerItemProxy;
			containerPortal = FA46D601197B9F4000F20DFE /* Project object */;
			proxyType = 1;
			remoteGlobalIDString = FA46D608197B9F4000F20DFE;
			remoteInfo = lessonDemoFifth;
		};
/* End PBXContainerItemProxy section */

/* Begin PBXFileReference section */
		FA33466A1983F20300582867 /* Decoder.h */ = {isa = PBXFileReference; fileEncoding = 4; lastKnownFileType = sourcecode.c.h; path = Decoder.h; sourceTree = "<group>"; };
		FA33466B1983F20300582867 /* Exception.h */ = {isa = PBXFileReference; fileEncoding = 4; lastKnownFileType = sourcecode.c.h; path = Exception.h; sourceTree = "<group>"; };
		FA33466C1983F20300582867 /* Image.h */ = {isa = PBXFileReference; fileEncoding = 4; lastKnownFileType = sourcecode.c.h; path = Image.h; sourceTree = "<group>"; };
		FA33466D1983F20300582867 /* ImageScanner.h */ = {isa = PBXFileReference; fileEncoding = 4; lastKnownFileType = sourcecode.c.h; path = ImageScanner.h; sourceTree = "<group>"; };
		FA33466E1983F20300582867 /* Processor.h */ = {isa = PBXFileReference; fileEncoding = 4; lastKnownFileType = sourcecode.c.h; path = Processor.h; sourceTree = "<group>"; };
		FA33466F1983F20300582867 /* Scanner.h */ = {isa = PBXFileReference; fileEncoding = 4; lastKnownFileType = sourcecode.c.h; path = Scanner.h; sourceTree = "<group>"; };
		FA3346701983F20300582867 /* Symbol.h */ = {isa = PBXFileReference; fileEncoding = 4; lastKnownFileType = sourcecode.c.h; path = Symbol.h; sourceTree = "<group>"; };
		FA3346711983F20300582867 /* Video.h */ = {isa = PBXFileReference; fileEncoding = 4; lastKnownFileType = sourcecode.c.h; path = Video.h; sourceTree = "<group>"; };
		FA3346721983F20300582867 /* Window.h */ = {isa = PBXFileReference; fileEncoding = 4; lastKnownFileType = sourcecode.c.h; path = Window.h; sourceTree = "<group>"; };
		FA3346731983F20300582867 /* zbar.h */ = {isa = PBXFileReference; fileEncoding = 4; lastKnownFileType = sourcecode.c.h; path = zbar.h; sourceTree = "<group>"; };
		FA3346741983F20300582867 /* ZBarCameraSimulator.h */ = {isa = PBXFileReference; fileEncoding = 4; lastKnownFileType = sourcecode.c.h; path = ZBarCameraSimulator.h; sourceTree = "<group>"; };
		FA3346751983F20300582867 /* ZBarCaptureReader.h */ = {isa = PBXFileReference; fileEncoding = 4; lastKnownFileType = sourcecode.c.h; path = ZBarCaptureReader.h; sourceTree = "<group>"; };
		FA3346761983F20300582867 /* ZBarHelpController.h */ = {isa = PBXFileReference; fileEncoding = 4; lastKnownFileType = sourcecode.c.h; path = ZBarHelpController.h; sourceTree = "<group>"; };
		FA3346771983F20300582867 /* ZBarImage.h */ = {isa = PBXFileReference; fileEncoding = 4; lastKnownFileType = sourcecode.c.h; path = ZBarImage.h; sourceTree = "<group>"; };
		FA3346781983F20300582867 /* ZBarImageScanner.h */ = {isa = PBXFileReference; fileEncoding = 4; lastKnownFileType = sourcecode.c.h; path = ZBarImageScanner.h; sourceTree = "<group>"; };
		FA3346791983F20300582867 /* ZBarReaderController.h */ = {isa = PBXFileReference; fileEncoding = 4; lastKnownFileType = sourcecode.c.h; path = ZBarReaderController.h; sourceTree = "<group>"; };
		FA33467A1983F20300582867 /* ZBarReaderView.h */ = {isa = PBXFileReference; fileEncoding = 4; lastKnownFileType = sourcecode.c.h; path = ZBarReaderView.h; sourceTree = "<group>"; };
		FA33467B1983F20300582867 /* ZBarReaderViewController.h */ = {isa = PBXFileReference; fileEncoding = 4; lastKnownFileType = sourcecode.c.h; path = ZBarReaderViewController.h; sourceTree = "<group>"; };
		FA33467C1983F20300582867 /* ZBarSDK.h */ = {isa = PBXFileReference; fileEncoding = 4; lastKnownFileType = sourcecode.c.h; path = ZBarSDK.h; sourceTree = "<group>"; };
		FA33467D1983F20300582867 /* ZBarSymbol.h */ = {isa = PBXFileReference; fileEncoding = 4; lastKnownFileType = sourcecode.c.h; path = ZBarSymbol.h; sourceTree = "<group>"; };
		FA33467E1983F20300582867 /* libzbar.a */ = {isa = PBXFileReference; lastKnownFileType = archive.ar; path = libzbar.a; sourceTree = "<group>"; };
		FA3346801983F20300582867 /* zbar-back.png */ = {isa = PBXFileReference; lastKnownFileType = image.png; path = "zbar-back.png"; sourceTree = "<group>"; };
		FA3346811983F20300582867 /* zbar-help.html */ = {isa = PBXFileReference; fileEncoding = 4; lastKnownFileType = text.html; path = "zbar-help.html"; sourceTree = "<group>"; };
		FA3346821983F20300582867 /* zbar-helpicons.png */ = {isa = PBXFileReference; lastKnownFileType = image.png; path = "zbar-helpicons.png"; sourceTree = "<group>"; };
		FA3346831983F20300582867 /* zbar-samples.png */ = {isa = PBXFileReference; lastKnownFileType = image.png; path = "zbar-samples.png"; sourceTree = "<group>"; };
		FA33468A1983F7E800582867 /* AsyncUdpSocket.h */ = {isa = PBXFileReference; fileEncoding = 4; lastKnownFileType = sourcecode.c.h; path = AsyncUdpSocket.h; sourceTree = "<group>"; };
		FA33468B1983F7E800582867 /* AsyncUdpSocket.m */ = {isa = PBXFileReference; fileEncoding = 4; lastKnownFileType = sourcecode.c.objc; path = AsyncUdpSocket.m; sourceTree = "<group>"; };
		FA46D609197B9F4000F20DFE /* lessonDemoFifth.app */ = {isa = PBXFileReference; explicitFileType = wrapper.application; includeInIndex = 0; path = lessonDemoFifth.app; sourceTree = BUILT_PRODUCTS_DIR; };
		FA46D60C197B9F4000F20DFE /* Foundation.framework */ = {isa = PBXFileReference; lastKnownFileType = wrapper.framework; name = Foundation.framework; path = System/Library/Frameworks/Foundation.framework; sourceTree = SDKROOT; };
		FA46D60E197B9F4000F20DFE /* CoreGraphics.framework */ = {isa = PBXFileReference; lastKnownFileType = wrapper.framework; name = CoreGraphics.framework; path = System/Library/Frameworks/CoreGraphics.framework; sourceTree = SDKROOT; };
		FA46D610197B9F4000F20DFE /* UIKit.framework */ = {isa = PBXFileReference; lastKnownFileType = wrapper.framework; name = UIKit.framework; path = System/Library/Frameworks/UIKit.framework; sourceTree = SDKROOT; };
		FA46D614197B9F4000F20DFE /* lessonDemoFifth-Info.plist */ = {isa = PBXFileReference; lastKnownFileType = text.plist.xml; path = "lessonDemoFifth-Info.plist"; sourceTree = "<group>"; };
		FA46D616197B9F4000F20DFE /* en */ = {isa = PBXFileReference; lastKnownFileType = text.plist.strings; name = en; path = en.lproj/InfoPlist.strings; sourceTree = "<group>"; };
		FA46D618197B9F4000F20DFE /* main.m */ = {isa = PBXFileReference; lastKnownFileType = sourcecode.c.objc; path = main.m; sourceTree = "<group>"; };
		FA46D61A197B9F4100F20DFE /* lessonDemoFifth-Prefix.pch */ = {isa = PBXFileReference; lastKnownFileType = sourcecode.c.h; path = "lessonDemoFifth-Prefix.pch"; sourceTree = "<group>"; };
		FA46D61B197B9F4100F20DFE /* AppDelegate.h */ = {isa = PBXFileReference; lastKnownFileType = sourcecode.c.h; path = AppDelegate.h; sourceTree = "<group>"; };
		FA46D61C197B9F4100F20DFE /* AppDelegate.m */ = {isa = PBXFileReference; lastKnownFileType = sourcecode.c.objc; path = AppDelegate.m; sourceTree = "<group>"; };
		FA46D61E197B9F4100F20DFE /* Images.xcassets */ = {isa = PBXFileReference; lastKnownFileType = folder.assetcatalog; path = Images.xcassets; sourceTree = "<group>"; };
		FA46D624197B9F4100F20DFE /* lessonDemoFifthTests.xctest */ = {isa = PBXFileReference; explicitFileType = wrapper.cfbundle; includeInIndex = 0; path = lessonDemoFifthTests.xctest; sourceTree = BUILT_PRODUCTS_DIR; };
		FA46D625197B9F4100F20DFE /* XCTest.framework */ = {isa = PBXFileReference; lastKnownFileType = wrapper.framework; name = XCTest.framework; path = Library/Frameworks/XCTest.framework; sourceTree = DEVELOPER_DIR; };
		FA46D62D197B9F4100F20DFE /* lessonDemoFifthTests-Info.plist */ = {isa = PBXFileReference; lastKnownFileType = text.plist.xml; path = "lessonDemoFifthTests-Info.plist"; sourceTree = "<group>"; };
		FA46D62F197B9F4100F20DFE /* en */ = {isa = PBXFileReference; lastKnownFileType = text.plist.strings; name = en; path = en.lproj/InfoPlist.strings; sourceTree = "<group>"; };
		FA46D631197B9F4100F20DFE /* lessonDemoFifthTests.m */ = {isa = PBXFileReference; lastKnownFileType = sourcecode.c.objc; path = lessonDemoFifthTests.m; sourceTree = "<group>"; };
		FA46D63B197B9F5F00F20DFE /* ListTableViewController.h */ = {isa = PBXFileReference; fileEncoding = 4; lastKnownFileType = sourcecode.c.h; path = ListTableViewController.h; sourceTree = "<group>"; };
		FA46D63C197B9F5F00F20DFE /* ListTableViewController.m */ = {isa = PBXFileReference; fileEncoding = 4; lastKnownFileType = sourcecode.c.objc; path = ListTableViewController.m; sourceTree = "<group>"; };
		FA46D63D197B9F5F00F20DFE /* ListTableViewController.xib */ = {isa = PBXFileReference; fileEncoding = 4; lastKnownFileType = file.xib; path = ListTableViewController.xib; sourceTree = "<group>"; };
		FA7CBB72198139C300FBEFEE /* LocationService.h */ = {isa = PBXFileReference; fileEncoding = 4; lastKnownFileType = sourcecode.c.h; path = LocationService.h; sourceTree = "<group>"; };
		FA7CBB73198139C300FBEFEE /* LocationService.m */ = {isa = PBXFileReference; fileEncoding = 4; lastKnownFileType = sourcecode.c.objc; path = LocationService.m; sourceTree = "<group>"; };
		FA7CBB7519813A0B00FBEFEE /* CoreLocation.framework */ = {isa = PBXFileReference; lastKnownFileType = wrapper.framework; name = CoreLocation.framework; path = System/Library/Frameworks/CoreLocation.framework; sourceTree = SDKROOT; };
		FA7CBB771981400900FBEFEE /* MapViewController.h */ = {isa = PBXFileReference; fileEncoding = 4; lastKnownFileType = sourcecode.c.h; path = MapViewController.h; sourceTree = "<group>"; };
		FA7CBB781981400900FBEFEE /* MapViewController.m */ = {isa = PBXFileReference; fileEncoding = 4; lastKnownFileType = sourcecode.c.objc; path = MapViewController.m; sourceTree = "<group>"; };
		FA7CBB791981400900FBEFEE /* MapViewController.xib */ = {isa = PBXFileReference; fileEncoding = 4; lastKnownFileType = file.xib; path = MapViewController.xib; sourceTree = "<group>"; };
		FA7CBB7C198140AA00FBEFEE /* MapKit.framework */ = {isa = PBXFileReference; lastKnownFileType = wrapper.framework; name = MapKit.framework; path = System/Library/Frameworks/MapKit.framework; sourceTree = SDKROOT; };
		FA7CBB7E1981410000FBEFEE /* MKMapView+ZoomLevel.h */ = {isa = PBXFileReference; fileEncoding = 4; lastKnownFileType = sourcecode.c.h; path = "MKMapView+ZoomLevel.h"; sourceTree = "<group>"; };
		FA7CBB7F1981410000FBEFEE /* MKMapView+ZoomLevel.m */ = {isa = PBXFileReference; fileEncoding = 4; lastKnownFileType = sourcecode.c.objc; path = "MKMapView+ZoomLevel.m"; sourceTree = "<group>"; };
		FA7CBB811981437A00FBEFEE /* FarmAnnotation.h */ = {isa = PBXFileReference; fileEncoding = 4; lastKnownFileType = sourcecode.c.h; path = FarmAnnotation.h; sourceTree = "<group>"; };
		FA7CBB821981437A00FBEFEE /* FarmAnnotation.m */ = {isa = PBXFileReference; fileEncoding = 4; lastKnownFileType = sourcecode.c.objc; path = FarmAnnotation.m; sourceTree = "<group>"; };
		FA998D30197EA54D005B9267 /* AddressBook.framework */ = {isa = PBXFileReference; lastKnownFileType = wrapper.framework; name = AddressBook.framework; path = System/Library/Frameworks/AddressBook.framework; sourceTree = SDKROOT; };
		FA998D31197EA54D005B9267 /* AddressBookUI.framework */ = {isa = PBXFileReference; lastKnownFileType = wrapper.framework; name = AddressBookUI.framework; path = System/Library/Frameworks/AddressBookUI.framework; sourceTree = SDKROOT; };
		FA998D34197EA97A005B9267 /* ContactListTableViewController.h */ = {isa = PBXFileReference; fileEncoding = 4; lastKnownFileType = sourcecode.c.h; path = ContactListTableViewController.h; sourceTree = "<group>"; };
		FA998D35197EA97A005B9267 /* ContactListTableViewController.m */ = {isa = PBXFileReference; fileEncoding = 4; lastKnownFileType = sourcecode.c.objc; path = ContactListTableViewController.m; sourceTree = "<group>"; };
		FA998D36197EA97A005B9267 /* ContactListTableViewController.xib */ = {isa = PBXFileReference; fileEncoding = 4; lastKnownFileType = file.xib; path = ContactListTableViewController.xib; sourceTree = "<group>"; };
		FAA277401983FAFF00824CC0 /* ChatViewController.h */ = {isa = PBXFileReference; fileEncoding = 4; lastKnownFileType = sourcecode.c.h; path = ChatViewController.h; sourceTree = "<group>"; };
		FAA277411983FAFF00824CC0 /* ChatViewController.m */ = {isa = PBXFileReference; fileEncoding = 4; lastKnownFileType = sourcecode.c.objc; path = ChatViewController.m; sourceTree = "<group>"; };
		FAA277421983FAFF00824CC0 /* ChatViewController.xib */ = {isa = PBXFileReference; fileEncoding = 4; lastKnownFileType = file.xib; path = ChatViewController.xib; sourceTree = "<group>"; };
		FAAAFC3B19837915000205F8 /* AVFoundation.framework */ = {isa = PBXFileReference; lastKnownFileType = wrapper.framework; name = AVFoundation.framework; path = System/Library/Frameworks/AVFoundation.framework; sourceTree = SDKROOT; };
		FAAAFC3D1983791E000205F8 /* CoreMedia.framework */ = {isa = PBXFileReference; lastKnownFileType = wrapper.framework; name = CoreMedia.framework; path = System/Library/Frameworks/CoreMedia.framework; sourceTree = SDKROOT; };
		FAAAFC3F19837927000205F8 /* CoreVideo.framework */ = {isa = PBXFileReference; lastKnownFileType = wrapper.framework; name = CoreVideo.framework; path = System/Library/Frameworks/CoreVideo.framework; sourceTree = SDKROOT; };
		FAAAFC411983793A000205F8 /* QuartzCore.framework */ = {isa = PBXFileReference; lastKnownFileType = wrapper.framework; name = QuartzCore.framework; path = System/Library/Frameworks/QuartzCore.framework; sourceTree = SDKROOT; };
		FAAAFC4319837948000205F8 /* libiconv.dylib */ = {isa = PBXFileReference; lastKnownFileType = "compiled.mach-o.dylib"; name = libiconv.dylib; path = usr/lib/libiconv.dylib; sourceTree = SDKROOT; };
/* End PBXFileReference section */

/* Begin PBXFrameworksBuildPhase section */
		FA46D606197B9F4000F20DFE /* Frameworks */ = {
			isa = PBXFrameworksBuildPhase;
			buildActionMask = 2147483647;
			files = (
				FAAAFC4419837948000205F8 /* libiconv.dylib in Frameworks */,
				FAAAFC421983793A000205F8 /* QuartzCore.framework in Frameworks */,
				FAAAFC4019837927000205F8 /* CoreVideo.framework in Frameworks */,
				FA3346841983F20300582867 /* libzbar.a in Frameworks */,
				FAAAFC3E1983791E000205F8 /* CoreMedia.framework in Frameworks */,
				FAAAFC3C19837915000205F8 /* AVFoundation.framework in Frameworks */,
				FA7CBB7D198140AA00FBEFEE /* MapKit.framework in Frameworks */,
				FA7CBB7619813A0B00FBEFEE /* CoreLocation.framework in Frameworks */,
				FA998D32197EA54D005B9267 /* AddressBook.framework in Frameworks */,
				FA998D33197EA54D005B9267 /* AddressBookUI.framework in Frameworks */,
				FA46D60F197B9F4000F20DFE /* CoreGraphics.framework in Frameworks */,
				FA46D611197B9F4000F20DFE /* UIKit.framework in Frameworks */,
				FA46D60D197B9F4000F20DFE /* Foundation.framework in Frameworks */,
			);
			runOnlyForDeploymentPostprocessing = 0;
		};
		FA46D621197B9F4100F20DFE /* Frameworks */ = {
			isa = PBXFrameworksBuildPhase;
			buildActionMask = 2147483647;
			files = (
				FA46D626197B9F4100F20DFE /* XCTest.framework in Frameworks */,
				FA46D628197B9F4100F20DFE /* UIKit.framework in Frameworks */,
				FA46D627197B9F4100F20DFE /* Foundation.framework in Frameworks */,
			);
			runOnlyForDeploymentPostprocessing = 0;
		};
/* End PBXFrameworksBuildPhase section */

/* Begin PBXGroup section */
		FA3346661983F20300582867 /* ZBarSDK */ = {
			isa = PBXGroup;
			children = (
				FA3346671983F20300582867 /* Headers */,
				FA33467E1983F20300582867 /* libzbar.a */,
				FA33467F1983F20300582867 /* Resources */,
			);
			path = ZBarSDK;
			sourceTree = "<group>";
		};
		FA3346671983F20300582867 /* Headers */ = {
			isa = PBXGroup;
			children = (
				FA3346681983F20300582867 /* ZBarSDK */,
			);
			path = Headers;
			sourceTree = "<group>";
		};
		FA3346681983F20300582867 /* ZBarSDK */ = {
			isa = PBXGroup;
			children = (
				FA3346691983F20300582867 /* zbar */,
				FA3346731983F20300582867 /* zbar.h */,
				FA3346741983F20300582867 /* ZBarCameraSimulator.h */,
				FA3346751983F20300582867 /* ZBarCaptureReader.h */,
				FA3346761983F20300582867 /* ZBarHelpController.h */,
				FA3346771983F20300582867 /* ZBarImage.h */,
				FA3346781983F20300582867 /* ZBarImageScanner.h */,
				FA3346791983F20300582867 /* ZBarReaderController.h */,
				FA33467A1983F20300582867 /* ZBarReaderView.h */,
				FA33467B1983F20300582867 /* ZBarReaderViewController.h */,
				FA33467C1983F20300582867 /* ZBarSDK.h */,
				FA33467D1983F20300582867 /* ZBarSymbol.h */,
			);
			path = ZBarSDK;
			sourceTree = "<group>";
		};
		FA3346691983F20300582867 /* zbar */ = {
			isa = PBXGroup;
			children = (
				FA33466A1983F20300582867 /* Decoder.h */,
				FA33466B1983F20300582867 /* Exception.h */,
				FA33466C1983F20300582867 /* Image.h */,
				FA33466D1983F20300582867 /* ImageScanner.h */,
				FA33466E1983F20300582867 /* Processor.h */,
				FA33466F1983F20300582867 /* Scanner.h */,
				FA3346701983F20300582867 /* Symbol.h */,
				FA3346711983F20300582867 /* Video.h */,
				FA3346721983F20300582867 /* Window.h */,
			);
			path = zbar;
			sourceTree = "<group>";
		};
		FA33467F1983F20300582867 /* Resources */ = {
			isa = PBXGroup;
			children = (
				FA3346801983F20300582867 /* zbar-back.png */,
				FA3346811983F20300582867 /* zbar-help.html */,
				FA3346821983F20300582867 /* zbar-helpicons.png */,
				FA3346831983F20300582867 /* zbar-samples.png */,
			);
			path = Resources;
			sourceTree = "<group>";
		};
		FA3346891983F7E800582867 /* AsyncUdpSocket */ = {
			isa = PBXGroup;
			children = (
				FA33468A1983F7E800582867 /* AsyncUdpSocket.h */,
				FA33468B1983F7E800582867 /* AsyncUdpSocket.m */,
			);
			path = AsyncUdpSocket;
			sourceTree = "<group>";
		};
		FA46D600197B9F4000F20DFE = {
			isa = PBXGroup;
			children = (
				FA46D612197B9F4000F20DFE /* lessonDemoFifth */,
				FA46D62B197B9F4100F20DFE /* lessonDemoFifthTests */,
				FA46D60B197B9F4000F20DFE /* Frameworks */,
				FA46D60A197B9F4000F20DFE /* Products */,
			);
			sourceTree = "<group>";
		};
		FA46D60A197B9F4000F20DFE /* Products */ = {
			isa = PBXGroup;
			children = (
				FA46D609197B9F4000F20DFE /* lessonDemoFifth.app */,
				FA46D624197B9F4100F20DFE /* lessonDemoFifthTests.xctest */,
			);
			name = Products;
			sourceTree = "<group>";
		};
		FA46D60B197B9F4000F20DFE /* Frameworks */ = {
			isa = PBXGroup;
			children = (
				FAAAFC4319837948000205F8 /* libiconv.dylib */,
				FAAAFC411983793A000205F8 /* QuartzCore.framework */,
				FAAAFC3F19837927000205F8 /* CoreVideo.framework */,
				FAAAFC3D1983791E000205F8 /* CoreMedia.framework */,
				FAAAFC3B19837915000205F8 /* AVFoundation.framework */,
				FA7CBB7C198140AA00FBEFEE /* MapKit.framework */,
				FA7CBB7519813A0B00FBEFEE /* CoreLocation.framework */,
				FA998D30197EA54D005B9267 /* AddressBook.framework */,
				FA998D31197EA54D005B9267 /* AddressBookUI.framework */,
				FA46D60C197B9F4000F20DFE /* Foundation.framework */,
				FA46D60E197B9F4000F20DFE /* CoreGraphics.framework */,
				FA46D610197B9F4000F20DFE /* UIKit.framework */,
				FA46D625197B9F4100F20DFE /* XCTest.framework */,
			);
			name = Frameworks;
			sourceTree = "<group>";
		};
		FA46D612197B9F4000F20DFE /* lessonDemoFifth */ = {
			isa = PBXGroup;
			children = (
				FA3346891983F7E800582867 /* AsyncUdpSocket */,
				FA3346661983F20300582867 /* ZBarSDK */,
				FA7CBB811981437A00FBEFEE /* FarmAnnotation.h */,
				FA7CBB821981437A00FBEFEE /* FarmAnnotation.m */,
				FA7CBB7E1981410000FBEFEE /* MKMapView+ZoomLevel.h */,
				FA7CBB7F1981410000FBEFEE /* MKMapView+ZoomLevel.m */,
				FA46D61B197B9F4100F20DFE /* AppDelegate.h */,
				FA46D61C197B9F4100F20DFE /* AppDelegate.m */,
				FA46D61E197B9F4100F20DFE /* Images.xcassets */,
				FA46D613197B9F4000F20DFE /* Supporting Files */,
				FA46D63B197B9F5F00F20DFE /* ListTableViewController.h */,
				FA46D63C197B9F5F00F20DFE /* ListTableViewController.m */,
				FA46D63D197B9F5F00F20DFE /* ListTableViewController.xib */,
				FA998D34197EA97A005B9267 /* ContactListTableViewController.h */,
				FA998D35197EA97A005B9267 /* ContactListTableViewController.m */,
				FA998D36197EA97A005B9267 /* ContactListTableViewController.xib */,
				FA7CBB72198139C300FBEFEE /* LocationService.h */,
				FA7CBB73198139C300FBEFEE /* LocationService.m */,
				FA7CBB771981400900FBEFEE /* MapViewController.h */,
				FA7CBB781981400900FBEFEE /* MapViewController.m */,
				FA7CBB791981400900FBEFEE /* MapViewController.xib */,
				FAA277401983FAFF00824CC0 /* ChatViewController.h */,
				FAA277411983FAFF00824CC0 /* ChatViewController.m */,
				FAA277421983FAFF00824CC0 /* ChatViewController.xib */,
			);
			path = lessonDemoFifth;
			sourceTree = "<group>";
		};
		FA46D613197B9F4000F20DFE /* Supporting Files */ = {
			isa = PBXGroup;
			children = (
				FA46D614197B9F4000F20DFE /* lessonDemoFifth-Info.plist */,
				FA46D615197B9F4000F20DFE /* InfoPlist.strings */,
				FA46D618197B9F4000F20DFE /* main.m */,
				FA46D61A197B9F4100F20DFE /* lessonDemoFifth-Prefix.pch */,
			);
			name = "Supporting Files";
			sourceTree = "<group>";
		};
		FA46D62B197B9F4100F20DFE /* lessonDemoFifthTests */ = {
			isa = PBXGroup;
			children = (
				FA46D631197B9F4100F20DFE /* lessonDemoFifthTests.m */,
				FA46D62C197B9F4100F20DFE /* Supporting Files */,
			);
			path = lessonDemoFifthTests;
			sourceTree = "<group>";
		};
		FA46D62C197B9F4100F20DFE /* Supporting Files */ = {
			isa = PBXGroup;
			children = (
				FA46D62D197B9F4100F20DFE /* lessonDemoFifthTests-Info.plist */,
				FA46D62E197B9F4100F20DFE /* InfoPlist.strings */,
			);
			name = "Supporting Files";
			sourceTree = "<group>";
		};
/* End PBXGroup section */

/* Begin PBXNativeTarget section */
		FA46D608197B9F4000F20DFE /* lessonDemoFifth */ = {
			isa = PBXNativeTarget;
			buildConfigurationList = FA46D635197B9F4100F20DFE /* Build configuration list for PBXNativeTarget "lessonDemoFifth" */;
			buildPhases = (
				FA46D605197B9F4000F20DFE /* Sources */,
				FA46D606197B9F4000F20DFE /* Frameworks */,
				FA46D607197B9F4000F20DFE /* Resources */,
			);
			buildRules = (
			);
			dependencies = (
			);
			name = lessonDemoFifth;
			productName = lessonDemoFifth;
			productReference = FA46D609197B9F4000F20DFE /* lessonDemoFifth.app */;
			productType = "com.apple.product-type.application";
		};
		FA46D623197B9F4100F20DFE /* lessonDemoFifthTests */ = {
			isa = PBXNativeTarget;
			buildConfigurationList = FA46D638197B9F4100F20DFE /* Build configuration list for PBXNativeTarget "lessonDemoFifthTests" */;
			buildPhases = (
				FA46D620197B9F4100F20DFE /* Sources */,
				FA46D621197B9F4100F20DFE /* Frameworks */,
				FA46D622197B9F4100F20DFE /* Resources */,
			);
			buildRules = (
			);
			dependencies = (
				FA46D62A197B9F4100F20DFE /* PBXTargetDependency */,
			);
			name = lessonDemoFifthTests;
			productName = lessonDemoFifthTests;
			productReference = FA46D624197B9F4100F20DFE /* lessonDemoFifthTests.xctest */;
			productType = "com.apple.product-type.bundle.unit-test";
		};
/* End PBXNativeTarget section */

/* Begin PBXProject section */
		FA46D601197B9F4000F20DFE /* Project object */ = {
			isa = PBXProject;
			attributes = {
				LastUpgradeCheck = 0510;
				ORGANIZATIONNAME = com.grassinfo;
				TargetAttributes = {
					FA46D608197B9F4000F20DFE = {
						DevelopmentTeam = S4X8KK977S;
					};
					FA46D623197B9F4100F20DFE = {
						TestTargetID = FA46D608197B9F4000F20DFE;
					};
				};
			};
			buildConfigurationList = FA46D604197B9F4000F20DFE /* Build configuration list for PBXProject "lessonDemoFifth" */;
			compatibilityVersion = "Xcode 3.2";
			developmentRegion = English;
			hasScannedForEncodings = 0;
			knownRegions = (
				en,
			);
			mainGroup = FA46D600197B9F4000F20DFE;
			productRefGroup = FA46D60A197B9F4000F20DFE /* Products */;
			projectDirPath = "";
			projectRoot = "";
			targets = (
				FA46D608197B9F4000F20DFE /* lessonDemoFifth */,
				FA46D623197B9F4100F20DFE /* lessonDemoFifthTests */,
			);
		};
/* End PBXProject section */

/* Begin PBXResourcesBuildPhase section */
		FA46D607197B9F4000F20DFE /* Resources */ = {
			isa = PBXResourcesBuildPhase;
			buildActionMask = 2147483647;
			files = (
				FA46D617197B9F4000F20DFE /* InfoPlist.strings in Resources */,
				FA3346851983F20300582867 /* zbar-back.png in Resources */,
				FA3346881983F20300582867 /* zbar-samples.png in Resources */,
				FA46D61F197B9F4100F20DFE /* Images.xcassets in Resources */,
				FAA277441983FAFF00824CC0 /* ChatViewController.xib in Resources */,
				FA998D38197EA97A005B9267 /* ContactListTableViewController.xib in Resources */,
				FA7CBB7B1981400900FBEFEE /* MapViewController.xib in Resources */,
				FA3346861983F20300582867 /* zbar-help.html in Resources */,
				FA3346871983F20300582867 /* zbar-helpicons.png in Resources */,
				FA46D63F197B9F5F00F20DFE /* ListTableViewController.xib in Resources */,
			);
			runOnlyForDeploymentPostprocessing = 0;
		};
		FA46D622197B9F4100F20DFE /* Resources */ = {
			isa = PBXResourcesBuildPhase;
			buildActionMask = 2147483647;
			files = (
				FA46D630197B9F4100F20DFE /* InfoPlist.strings in Resources */,
			);
			runOnlyForDeploymentPostprocessing = 0;
		};
/* End PBXResourcesBuildPhase section */

/* Begin PBXSourcesBuildPhase section */
		FA46D605197B9F4000F20DFE /* Sources */ = {
			isa = PBXSourcesBuildPhase;
			buildActionMask = 2147483647;
			files = (
				FA7CBB801981410000FBEFEE /* MKMapView+ZoomLevel.m in Sources */,
				FA998D37197EA97A005B9267 /* ContactListTableViewController.m in Sources */,
				FA7CBB74198139C300FBEFEE /* LocationService.m in Sources */,
				FAA277431983FAFF00824CC0 /* ChatViewController.m in Sources */,
				FA33468C1983F7E800582867 /* AsyncUdpSocket.m in Sources */,
				FA46D61D197B9F4100F20DFE /* AppDelegate.m in Sources */,
				FA7CBB831981437A00FBEFEE /* FarmAnnotation.m in Sources */,
				FA7CBB7A1981400900FBEFEE /* MapViewController.m in Sources */,
				FA46D619197B9F4100F20DFE /* main.m in Sources */,
				FA46D63E197B9F5F00F20DFE /* ListTableViewController.m in Sources */,
			);
			runOnlyForDeploymentPostprocessing = 0;
		};
		FA46D620197B9F4100F20DFE /* Sources */ = {
			isa = PBXSourcesBuildPhase;
			buildActionMask = 2147483647;
			files = (
				FA46D632197B9F4100F20DFE /* lessonDemoFifthTests.m in Sources */,
			);
			runOnlyForDeploymentPostprocessing = 0;
		};
/* End PBXSourcesBuildPhase section */

/* Begin PBXTargetDependency section */
		FA46D62A197B9F4100F20DFE /* PBXTargetDependency */ = {
			isa = PBXTargetDependency;
			target = FA46D608197B9F4000F20DFE /* lessonDemoFifth */;
			targetProxy = FA46D629197B9F4100F20DFE /* PBXContainerItemProxy */;
		};
/* End PBXTargetDependency section */

/* Begin PBXVariantGroup section */
		FA46D615197B9F4000F20DFE /* InfoPlist.strings */ = {
			isa = PBXVariantGroup;
			children = (
				FA46D616197B9F4000F20DFE /* en */,
			);
			name = InfoPlist.strings;
			sourceTree = "<group>";
		};
		FA46D62E197B9F4100F20DFE /* InfoPlist.strings */ = {
			isa = PBXVariantGroup;
			children = (
				FA46D62F197B9F4100F20DFE /* en */,
			);
			name = InfoPlist.strings;
			sourceTree = "<group>";
		};
/* End PBXVariantGroup section */

/* Begin XCBuildConfiguration section */
		FA46D633197B9F4100F20DFE /* Debug */ = {
			isa = XCBuildConfiguration;
			buildSettings = {
				ALWAYS_SEARCH_USER_PATHS = NO;
				CLANG_CXX_LANGUAGE_STANDARD = "gnu++0x";
				CLANG_CXX_LIBRARY = "libc++";
				CLANG_ENABLE_MODULES = YES;
				CLANG_ENABLE_OBJC_ARC = YES;
				CLANG_WARN_BOOL_CONVERSION = YES;
				CLANG_WARN_CONSTANT_CONVERSION = YES;
				CLANG_WARN_DIRECT_OBJC_ISA_USAGE = YES_ERROR;
				CLANG_WARN_EMPTY_BODY = YES;
				CLANG_WARN_ENUM_CONVERSION = YES;
				CLANG_WARN_INT_CONVERSION = YES;
				CLANG_WARN_OBJC_ROOT_CLASS = YES_ERROR;
				CLANG_WARN__DUPLICATE_METHOD_MATCH = YES;
				"CODE_SIGN_IDENTITY[sdk=iphoneos*]" = "iPhone Developer";
				COPY_PHASE_STRIP = NO;
				GCC_C_LANGUAGE_STANDARD = gnu99;
				GCC_DYNAMIC_NO_PIC = NO;
				GCC_OPTIMIZATION_LEVEL = 0;
				GCC_PREPROCESSOR_DEFINITIONS = (
					"DEBUG=1",
					"$(inherited)",
				);
				GCC_SYMBOLS_PRIVATE_EXTERN = NO;
				GCC_WARN_64_TO_32_BIT_CONVERSION = YES;
				GCC_WARN_ABOUT_RETURN_TYPE = YES_ERROR;
				GCC_WARN_UNDECLARED_SELECTOR = YES;
				GCC_WARN_UNINITIALIZED_AUTOS = YES_AGGRESSIVE;
				GCC_WARN_UNUSED_FUNCTION = YES;
				GCC_WARN_UNUSED_VARIABLE = YES;
				IPHONEOS_DEPLOYMENT_TARGET = 7.1;
				ONLY_ACTIVE_ARCH = YES;
				SDKROOT = iphoneos;
			};
			name = Debug;
		};
		FA46D634197B9F4100F20DFE /* Release */ = {
			isa = XCBuildConfiguration;
			buildSettings = {
				ALWAYS_SEARCH_USER_PATHS = NO;
				CLANG_CXX_LANGUAGE_STANDARD = "gnu++0x";
				CLANG_CXX_LIBRARY = "libc++";
				CLANG_ENABLE_MODULES = YES;
				CLANG_ENABLE_OBJC_ARC = YES;
				CLANG_WARN_BOOL_CONVERSION = YES;
				CLANG_WARN_CONSTANT_CONVERSION = YES;
				CLANG_WARN_DIRECT_OBJC_ISA_USAGE = YES_ERROR;
				CLANG_WARN_EMPTY_BODY = YES;
				CLANG_WARN_ENUM_CONVERSION = YES;
				CLANG_WARN_INT_CONVERSION = YES;
				CLANG_WARN_OBJC_ROOT_CLASS = YES_ERROR;
				CLANG_WARN__DUPLICATE_METHOD_MATCH = YES;
				"CODE_SIGN_IDENTITY[sdk=iphoneos*]" = "iPhone Developer";
				COPY_PHASE_STRIP = YES;
				ENABLE_NS_ASSERTIONS = NO;
				GCC_C_LANGUAGE_STANDARD = gnu99;
				GCC_WARN_64_TO_32_BIT_CONVERSION = YES;
				GCC_WARN_ABOUT_RETURN_TYPE = YES_ERROR;
				GCC_WARN_UNDECLARED_SELECTOR = YES;
				GCC_WARN_UNINITIALIZED_AUTOS = YES_AGGRESSIVE;
				GCC_WARN_UNUSED_FUNCTION = YES;
				GCC_WARN_UNUSED_VARIABLE = YES;
				IPHONEOS_DEPLOYMENT_TARGET = 7.1;
				SDKROOT = iphoneos;
				VALIDATE_PRODUCT = YES;
			};
			name = Release;
		};
		FA46D636197B9F4100F20DFE /* Debug */ = {
			isa = XCBuildConfiguration;
			buildSettings = {
				ARCHS = (
					armv7,
					armv7s,
				);
				ASSETCATALOG_COMPILER_APPICON_NAME = AppIcon;
				ASSETCATALOG_COMPILER_LAUNCHIMAGE_NAME = LaunchImage;
				CODE_SIGN_IDENTITY = "";
				"CODE_SIGN_IDENTITY[sdk=iphoneos*]" = "";
				GCC_PRECOMPILE_PREFIX_HEADER = YES;
				GCC_PREFIX_HEADER = "lessonDemoFifth/lessonDemoFifth-Prefix.pch";
				INFOPLIST_FILE = "lessonDemoFifth/lessonDemoFifth-Info.plist";
				IPHONEOS_DEPLOYMENT_TARGET = 6.0;
				LIBRARY_SEARCH_PATHS = (
					"$(inherited)",
					"$(PROJECT_DIR)/lessonDemoFifth",
					"$(PROJECT_DIR)/lessonDemoFifth/ZBarSDK",
				);
				PRODUCT_NAME = "$(TARGET_NAME)";
				PROVISIONING_PROFILE = "00DB7BC6-73D5-462E-A400-29EEB9C68D12";
				SDKROOT = iphoneos;
				WRAPPER_EXTENSION = app;
			};
			name = Debug;
		};
		FA46D637197B9F4100F20DFE /* Release */ = {
			isa = XCBuildConfiguration;
			buildSettings = {
				ARCHS = (
					armv7,
					armv7s,
				);
				ASSETCATALOG_COMPILER_APPICON_NAME = AppIcon;
				ASSETCATALOG_COMPILER_LAUNCHIMAGE_NAME = LaunchImage;
				CODE_SIGN_IDENTITY = "";
				"CODE_SIGN_IDENTITY[sdk=iphoneos*]" = "";
				GCC_PRECOMPILE_PREFIX_HEADER = YES;
				GCC_PREFIX_HEADER = "lessonDemoFifth/lessonDemoFifth-Prefix.pch";
				INFOPLIST_FILE = "lessonDemoFifth/lessonDemoFifth-Info.plist";
				IPHONEOS_DEPLOYMENT_TARGET = 6.0;
				LIBRARY_SEARCH_PATHS = (
					"$(inherited)",
					"$(PROJECT_DIR)/lessonDemoFifth",
					"$(PROJECT_DIR)/lessonDemoFifth/ZBarSDK",
				);
				PRODUCT_NAME = "$(TARGET_NAME)";
				PROVISIONING_PROFILE = "00DB7BC6-73D5-462E-A400-29EEB9C68D12";
				SDKROOT = iphoneos;
				WRAPPER_EXTENSION = app;
			};
			name = Release;
		};
		FA46D639197B9F4100F20DFE /* Debug */ = {
			isa = XCBuildConfiguration;
			buildSettings = {
				BUNDLE_LOADER = "$(BUILT_PRODUCTS_DIR)/lessonDemoFifth.app/lessonDemoFifth";
				FRAMEWORK_SEARCH_PATHS = (
					"$(SDKROOT)/Developer/Library/Frameworks",
					"$(inherited)",
					"$(DEVELOPER_FRAMEWORKS_DIR)",
				);
				GCC_PRECOMPILE_PREFIX_HEADER = YES;
				GCC_PREFIX_HEADER = "lessonDemoFifth/lessonDemoFifth-Prefix.pch";
				GCC_PREPROCESSOR_DEFINITIONS = (
					"DEBUG=1",
					"$(inherited)",
				);
				INFOPLIST_FILE = "lessonDemoFifthTests/lessonDemoFifthTests-Info.plist";
				PRODUCT_NAME = "$(TARGET_NAME)";
				TEST_HOST = "$(BUNDLE_LOADER)";
				WRAPPER_EXTENSION = xctest;
			};
			name = Debug;
		};
		FA46D63A197B9F4100F20DFE /* Release */ = {
			isa = XCBuildConfiguration;
			buildSettings = {
				BUNDLE_LOADER = "$(BUILT_PRODUCTS_DIR)/lessonDemoFifth.app/lessonDemoFifth";
				FRAMEWORK_SEARCH_PATHS = (
					"$(SDKROOT)/Developer/Library/Frameworks",
					"$(inherited)",
					"$(DEVELOPER_FRAMEWORKS_DIR)",
				);
				GCC_PRECOMPILE_PREFIX_HEADER = YES;
				GCC_PREFIX_HEADER = "lessonDemoFifth/lessonDemoFifth-Prefix.pch";
				INFOPLIST_FILE = "lessonDemoFifthTests/lessonDemoFifthTests-Info.plist";
				PRODUCT_NAME = "$(TARGET_NAME)";
				TEST_HOST = "$(BUNDLE_LOADER)";
				WRAPPER_EXTENSION = xctest;
			};
			name = Release;
		};
/* End XCBuildConfiguration section */

/* Begin XCConfigurationList section */
		FA46D604197B9F4000F20DFE /* Build configuration list for PBXProject "lessonDemoFifth" */ = {
			isa = XCConfigurationList;
			buildConfigurations = (
				FA46D633197B9F4100F20DFE /* Debug */,
				FA46D634197B9F4100F20DFE /* Release */,
			);
			defaultConfigurationIsVisible = 0;
			defaultConfigurationName = Release;
		};
		FA46D635197B9F4100F20DFE /* Build configuration list for PBXNativeTarget "lessonDemoFifth" */ = {
			isa = XCConfigurationList;
			buildConfigurations = (
				FA46D636197B9F4100F20DFE /* Debug */,
				FA46D637197B9F4100F20DFE /* Release */,
			);
			defaultConfigurationIsVisible = 0;
			defaultConfigurationName = Release;
		};
		FA46D638197B9F4100F20DFE /* Build configuration list for PBXNativeTarget "lessonDemoFifthTests" */ = {
			isa = XCConfigurationList;
			buildConfigurations = (
				FA46D639197B9F4100F20DFE /* Debug */,
				FA46D63A197B9F4100F20DFE /* Release */,
			);
			defaultConfigurationIsVisible = 0;
			defaultConfigurationName = Release;
		};
/* End XCConfigurationList section */
	};
	rootObject = FA46D601197B9F4000F20DFE /* Project object */;
}
